PODS:
  - BohdiEngine (1.2.2)

DEPENDENCIES:
  - BohdiEngine (from `../`)

EXTERNAL SOURCES:
  BohdiEngine:
    :branch: feature/mc3
    :path: "../"

SPEC CHECKSUMS:
  BohdiEngine: 33e7f3d69980d7262c558dca3e97fd6dbf2bca67

PODFILE CHECKSUM: 24fe23b9c2040d5e2391158371f4b5f3fd9c8867

COCOAPODS: 1.5.0
