PODS:
  - BohdiEngine (1.0.0):
    - monkc
  - monkc (1.0.0)

DEPENDENCIES:
  - BohdiEngine (from `../`)

EXTERNAL SOURCES:
  BohdiEngine:
    :path: ../

SPEC CHECKSUMS:
  BohdiEngine: ed28965f7e4ed8e1de4e158a0a041a38e6355121
  monkc: 7c406037ebffa981892a8df05d12be9586b1b183

PODFILE CHECKSUM: c4d8ba9f0174600393c955f0aea3df2e183e9e09

COCOAPODS: 1.1.1
