// !$*UTF8*$!
{
	archiveVersion = 1;
	classes = {
	};
	objectVersion = 46;
	objects = {

/* Begin PBXBuildFile section */
		36CD114E1E1F3D5CD4041EFC /* Pods_BohdiEngine_Tests.framework in Frameworks */ = {isa = PBXBuildFile; fileRef = DE81044E42193FB27E60BC38 /* Pods_BohdiEngine_Tests.framework */; };
		6003F58E195388D20070C39A /* Foundation.framework in Frameworks */ = {isa = PBXBuildFile; fileRef = 6003F58D195388D20070C39A /* Foundation.framework */; };
		6003F590195388D20070C39A /* CoreGraphics.framework in Frameworks */ = {isa = PBXBuildFile; fileRef = 6003F58F195388D20070C39A /* CoreGraphics.framework */; };
		6003F592195388D20070C39A /* UIKit.framework in Frameworks */ = {isa = PBXBuildFile; fileRef = 6003F591195388D20070C39A /* UIKit.framework */; };
		6003F598195388D20070C39A /* InfoPlist.strings in Resources */ = {isa = PBXBuildFile; fileRef = 6003F596195388D20070C39A /* InfoPlist.strings */; };
		6003F59A195388D20070C39A /* main.m in Sources */ = {isa = PBXBuildFile; fileRef = 6003F599195388D20070C39A /* main.m */; };
		6003F59E195388D20070C39A /* BEAppDelegate.m in Sources */ = {isa = PBXBuildFile; fileRef = 6003F59D195388D20070C39A /* BEAppDelegate.m */; };
		6003F5A9195388D20070C39A /* Images.xcassets in Resources */ = {isa = PBXBuildFile; fileRef = 6003F5A8195388D20070C39A /* Images.xcassets */; };
		6003F5B0195388D20070C39A /* XCTest.framework in Frameworks */ = {isa = PBXBuildFile; fileRef = 6003F5AF195388D20070C39A /* XCTest.framework */; };
		6003F5B1195388D20070C39A /* Foundation.framework in Frameworks */ = {isa = PBXBuildFile; fileRef = 6003F58D195388D20070C39A /* Foundation.framework */; };
		6003F5B2195388D20070C39A /* UIKit.framework in Frameworks */ = {isa = PBXBuildFile; fileRef = 6003F591195388D20070C39A /* UIKit.framework */; };
		6003F5BA195388D20070C39A /* InfoPlist.strings in Resources */ = {isa = PBXBuildFile; fileRef = 6003F5B8195388D20070C39A /* InfoPlist.strings */; };
		6003F5BC195388D20070C39A /* Tests.m in Sources */ = {isa = PBXBuildFile; fileRef = 6003F5BB195388D20070C39A /* Tests.m */; };
		7EF861B9DC59A2875049B3F5 /* Pods_BohdiEngine_Example.framework in Frameworks */ = {isa = PBXBuildFile; fileRef = 49F087004F0CAC65B7623E3B /* Pods_BohdiEngine_Example.framework */; };
		873B8AEB1B1F5CCA007FD442 /* Main.storyboard in Resources */ = {isa = PBXBuildFile; fileRef = 873B8AEA1B1F5CCA007FD442 /* Main.storyboard */; };
		F870A5551E6FA1E8009B7175 /* MCSkysphereShader.fsh in Resources */ = {isa = PBXBuildFile; fileRef = F870A5531E6FA1E8009B7175 /* MCSkysphereShader.fsh */; };
		F870A5561E6FA1E8009B7175 /* MCSkysphereShader.vsh in Resources */ = {isa = PBXBuildFile; fileRef = F870A5541E6FA1E8009B7175 /* MCSkysphereShader.vsh */; };
		F870A5581E6FA3B3009B7175 /* LandingViewController.m in Sources */ = {isa = PBXBuildFile; fileRef = F870A5571E6FA3B3009B7175 /* LandingViewController.m */; };
		F870A5631E6FE247009B7175 /* back.jpg in Resources */ = {isa = PBXBuildFile; fileRef = F870A55B1E6FE247009B7175 /* back.jpg */; };
		F870A5641E6FE247009B7175 /* bottom.jpg in Resources */ = {isa = PBXBuildFile; fileRef = F870A55C1E6FE247009B7175 /* bottom.jpg */; };
		F870A5651E6FE247009B7175 /* front.jpg in Resources */ = {isa = PBXBuildFile; fileRef = F870A55D1E6FE247009B7175 /* front.jpg */; };
		F870A5661E6FE247009B7175 /* left.jpg in Resources */ = {isa = PBXBuildFile; fileRef = F870A55E1E6FE247009B7175 /* left.jpg */; };
		F870A5671E6FE247009B7175 /* right.jpg in Resources */ = {isa = PBXBuildFile; fileRef = F870A55F1E6FE247009B7175 /* right.jpg */; };
		F870A5681E6FE247009B7175 /* top.jpg in Resources */ = {isa = PBXBuildFile; fileRef = F870A5601E6FE247009B7175 /* top.jpg */; };
		F870A5691E6FE247009B7175 /* panorama360.jpg in Resources */ = {isa = PBXBuildFile; fileRef = F870A5621E6FE247009B7175 /* panorama360.jpg */; };
		F870A56B1E6FFF6C009B7175 /* wood.jpg in Resources */ = {isa = PBXBuildFile; fileRef = F870A56A1E6FFF6C009B7175 /* wood.jpg */; };
		F8E688481E5D851300D6E869 /* monkey2.obj in Resources */ = {isa = PBXBuildFile; fileRef = F8E688461E5D851300D6E869 /* monkey2.obj */; };
		FD7379E01E2B54E6000ED551 /* BohdiEngine.framework in Frameworks */ = {isa = PBXBuildFile; fileRef = FD7379DF1E2B54E6000ED551 /* BohdiEngine.framework */; };
		FD737A2A1E2B6C90000ED551 /* beengine.mtl in Resources */ = {isa = PBXBuildFile; fileRef = FD737A281E2B6C90000ED551 /* beengine.mtl */; };
		FD737A2F1E2B6CBE000ED551 /* MCGLRenderer.fsh in Resources */ = {isa = PBXBuildFile; fileRef = FD737A2B1E2B6CBE000ED551 /* MCGLRenderer.fsh */; };
		FD737A301E2B6CBE000ED551 /* MCGLRenderer.vsh in Resources */ = {isa = PBXBuildFile; fileRef = FD737A2C1E2B6CBE000ED551 /* MCGLRenderer.vsh */; };
		FD737A311E2B6CBE000ED551 /* MCSkyboxShader.fsh in Resources */ = {isa = PBXBuildFile; fileRef = FD737A2D1E2B6CBE000ED551 /* MCSkyboxShader.fsh */; };
		FD737A321E2B6CBE000ED551 /* MCSkyboxShader.vsh in Resources */ = {isa = PBXBuildFile; fileRef = FD737A2E1E2B6CBE000ED551 /* MCSkyboxShader.vsh */; };
/* End PBXBuildFile section */

/* Begin PBXContainerItemProxy section */
		6003F5B3195388D20070C39A /* PBXContainerItemProxy */ = {
			isa = PBXContainerItemProxy;
			containerPortal = 6003F582195388D10070C39A /* Project object */;
			proxyType = 1;
			remoteGlobalIDString = 6003F589195388D20070C39A;
			remoteInfo = BohdiEngine;
		};
/* End PBXContainerItemProxy section */

/* Begin PBXFileReference section */
		006E5D12A1884F68472C7A1A /* Pods-BohdiEngine_Tests.debug.xcconfig */ = {isa = PBXFileReference; includeInIndex = 1; lastKnownFileType = text.xcconfig; name = "Pods-BohdiEngine_Tests.debug.xcconfig"; path = "Pods/Target Support Files/Pods-BohdiEngine_Tests/Pods-BohdiEngine_Tests.debug.xcconfig"; sourceTree = "<group>"; };
		0939384BC5D1FA76FE1688C8 /* Pods-BohdiEngine_Tests.release.xcconfig */ = {isa = PBXFileReference; includeInIndex = 1; lastKnownFileType = text.xcconfig; name = "Pods-BohdiEngine_Tests.release.xcconfig"; path = "Pods/Target Support Files/Pods-BohdiEngine_Tests/Pods-BohdiEngine_Tests.release.xcconfig"; sourceTree = "<group>"; };
		403816A00EE52F31C8B2B84D /* Pods-BohdiEngine_Example.release.xcconfig */ = {isa = PBXFileReference; includeInIndex = 1; lastKnownFileType = text.xcconfig; name = "Pods-BohdiEngine_Example.release.xcconfig"; path = "Pods/Target Support Files/Pods-BohdiEngine_Example/Pods-BohdiEngine_Example.release.xcconfig"; sourceTree = "<group>"; };
		49F087004F0CAC65B7623E3B /* Pods_BohdiEngine_Example.framework */ = {isa = PBXFileReference; explicitFileType = wrapper.framework; includeInIndex = 0; path = Pods_BohdiEngine_Example.framework; sourceTree = BUILT_PRODUCTS_DIR; };
		5946268BE31531CBDC0B9A02 /* LICENSE */ = {isa = PBXFileReference; includeInIndex = 1; lastKnownFileType = text; name = LICENSE; path = ../LICENSE; sourceTree = "<group>"; };
		6003F58A195388D20070C39A /* BohdiEngine_Example.app */ = {isa = PBXFileReference; explicitFileType = wrapper.application; includeInIndex = 0; path = BohdiEngine_Example.app; sourceTree = BUILT_PRODUCTS_DIR; };
		6003F58D195388D20070C39A /* Foundation.framework */ = {isa = PBXFileReference; lastKnownFileType = wrapper.framework; name = Foundation.framework; path = System/Library/Frameworks/Foundation.framework; sourceTree = SDKROOT; };
		6003F58F195388D20070C39A /* CoreGraphics.framework */ = {isa = PBXFileReference; lastKnownFileType = wrapper.framework; name = CoreGraphics.framework; path = System/Library/Frameworks/CoreGraphics.framework; sourceTree = SDKROOT; };
		6003F591195388D20070C39A /* UIKit.framework */ = {isa = PBXFileReference; lastKnownFileType = wrapper.framework; name = UIKit.framework; path = System/Library/Frameworks/UIKit.framework; sourceTree = SDKROOT; };
		6003F595195388D20070C39A /* BohdiEngine-Info.plist */ = {isa = PBXFileReference; lastKnownFileType = text.plist.xml; path = "BohdiEngine-Info.plist"; sourceTree = "<group>"; };
		6003F597195388D20070C39A /* en */ = {isa = PBXFileReference; lastKnownFileType = text.plist.strings; name = en; path = en.lproj/InfoPlist.strings; sourceTree = "<group>"; };
		6003F599195388D20070C39A /* main.m */ = {isa = PBXFileReference; lastKnownFileType = sourcecode.c.objc; path = main.m; sourceTree = "<group>"; };
		6003F59B195388D20070C39A /* BohdiEngine-Prefix.pch */ = {isa = PBXFileReference; lastKnownFileType = sourcecode.c.h; path = "BohdiEngine-Prefix.pch"; sourceTree = "<group>"; };
		6003F59C195388D20070C39A /* BEAppDelegate.h */ = {isa = PBXFileReference; lastKnownFileType = sourcecode.c.h; path = BEAppDelegate.h; sourceTree = "<group>"; };
		6003F59D195388D20070C39A /* BEAppDelegate.m */ = {isa = PBXFileReference; lastKnownFileType = sourcecode.c.objc; path = BEAppDelegate.m; sourceTree = "<group>"; };
		6003F5A8195388D20070C39A /* Images.xcassets */ = {isa = PBXFileReference; lastKnownFileType = folder.assetcatalog; path = Images.xcassets; sourceTree = "<group>"; };
		6003F5AE195388D20070C39A /* BohdiEngine_Tests.xctest */ = {isa = PBXFileReference; explicitFileType = wrapper.cfbundle; includeInIndex = 0; path = BohdiEngine_Tests.xctest; sourceTree = BUILT_PRODUCTS_DIR; };
		6003F5AF195388D20070C39A /* XCTest.framework */ = {isa = PBXFileReference; lastKnownFileType = wrapper.framework; name = XCTest.framework; path = Library/Frameworks/XCTest.framework; sourceTree = DEVELOPER_DIR; };
		6003F5B7195388D20070C39A /* Tests-Info.plist */ = {isa = PBXFileReference; lastKnownFileType = text.plist.xml; path = "Tests-Info.plist"; sourceTree = "<group>"; };
		6003F5B9195388D20070C39A /* en */ = {isa = PBXFileReference; lastKnownFileType = text.plist.strings; name = en; path = en.lproj/InfoPlist.strings; sourceTree = "<group>"; };
		6003F5BB195388D20070C39A /* Tests.m */ = {isa = PBXFileReference; lastKnownFileType = sourcecode.c.objc; path = Tests.m; sourceTree = "<group>"; };
		606FC2411953D9B200FFA9A0 /* Tests-Prefix.pch */ = {isa = PBXFileReference; lastKnownFileType = sourcecode.c.h; path = "Tests-Prefix.pch"; sourceTree = "<group>"; };
		873B8AEA1B1F5CCA007FD442 /* Main.storyboard */ = {isa = PBXFileReference; fileEncoding = 4; lastKnownFileType = file.storyboard; path = Main.storyboard; sourceTree = "<group>"; };
		B29F3398775A4115559DCFA9 /* README.md */ = {isa = PBXFileReference; includeInIndex = 1; lastKnownFileType = net.daringfireball.markdown; name = README.md; path = ../README.md; sourceTree = "<group>"; };
		DE81044E42193FB27E60BC38 /* Pods_BohdiEngine_Tests.framework */ = {isa = PBXFileReference; explicitFileType = wrapper.framework; includeInIndex = 0; path = Pods_BohdiEngine_Tests.framework; sourceTree = BUILT_PRODUCTS_DIR; };
		F44D3773801779395462E915 /* Pods-BohdiEngine_Example.debug.xcconfig */ = {isa = PBXFileReference; includeInIndex = 1; lastKnownFileType = text.xcconfig; name = "Pods-BohdiEngine_Example.debug.xcconfig"; path = "Pods/Target Support Files/Pods-BohdiEngine_Example/Pods-BohdiEngine_Example.debug.xcconfig"; sourceTree = "<group>"; };
		F870A5531E6FA1E8009B7175 /* MCSkysphereShader.fsh */ = {isa = PBXFileReference; fileEncoding = 4; lastKnownFileType = sourcecode.glsl; path = MCSkysphereShader.fsh; sourceTree = "<group>"; };
		F870A5541E6FA1E8009B7175 /* MCSkysphereShader.vsh */ = {isa = PBXFileReference; fileEncoding = 4; lastKnownFileType = sourcecode.glsl; path = MCSkysphereShader.vsh; sourceTree = "<group>"; };
		F870A5571E6FA3B3009B7175 /* LandingViewController.m */ = {isa = PBXFileReference; fileEncoding = 4; lastKnownFileType = sourcecode.c.objc; path = LandingViewController.m; sourceTree = "<group>"; };
		F870A5591E6FA3C7009B7175 /* LandingViewController.h */ = {isa = PBXFileReference; lastKnownFileType = sourcecode.c.h; path = LandingViewController.h; sourceTree = "<group>"; };
		F870A55B1E6FE247009B7175 /* back.jpg */ = {isa = PBXFileReference; lastKnownFileType = image.jpeg; path = back.jpg; sourceTree = "<group>"; };
		F870A55C1E6FE247009B7175 /* bottom.jpg */ = {isa = PBXFileReference; lastKnownFileType = image.jpeg; path = bottom.jpg; sourceTree = "<group>"; };
		F870A55D1E6FE247009B7175 /* front.jpg */ = {isa = PBXFileReference; lastKnownFileType = image.jpeg; path = front.jpg; sourceTree = "<group>"; };
		F870A55E1E6FE247009B7175 /* left.jpg */ = {isa = PBXFileReference; lastKnownFileType = image.jpeg; path = left.jpg; sourceTree = "<group>"; };
		F870A55F1E6FE247009B7175 /* right.jpg */ = {isa = PBXFileReference; lastKnownFileType = image.jpeg; path = right.jpg; sourceTree = "<group>"; };
		F870A5601E6FE247009B7175 /* top.jpg */ = {isa = PBXFileReference; lastKnownFileType = image.jpeg; path = top.jpg; sourceTree = "<group>"; };
		F870A5621E6FE247009B7175 /* panorama360.jpg */ = {isa = PBXFileReference; lastKnownFileType = image.jpeg; path = panorama360.jpg; sourceTree = "<group>"; };
		F870A56A1E6FFF6C009B7175 /* wood.jpg */ = {isa = PBXFileReference; lastKnownFileType = image.jpeg; path = wood.jpg; sourceTree = "<group>"; };
		F8E688461E5D851300D6E869 /* monkey2.obj */ = {isa = PBXFileReference; fileEncoding = 4; lastKnownFileType = text; path = monkey2.obj; sourceTree = "<group>"; };
		FCF04D989F31C672C28B0EC4 /* BohdiEngine.podspec */ = {isa = PBXFileReference; includeInIndex = 1; lastKnownFileType = text; name = BohdiEngine.podspec; path = ../BohdiEngine.podspec; sourceTree = "<group>"; };
		FD7379DF1E2B54E6000ED551 /* BohdiEngine.framework */ = {isa = PBXFileReference; lastKnownFileType = wrapper.framework; name = BohdiEngine.framework; path = "Pods/../build/Debug-iphoneos/BohdiEngine/BohdiEngine.framework"; sourceTree = "<group>"; };
		FD737A281E2B6C90000ED551 /* beengine.mtl */ = {isa = PBXFileReference; fileEncoding = 4; lastKnownFileType = text; path = beengine.mtl; sourceTree = "<group>"; };
		FD737A2B1E2B6CBE000ED551 /* MCGLRenderer.fsh */ = {isa = PBXFileReference; fileEncoding = 4; lastKnownFileType = sourcecode.glsl; path = MCGLRenderer.fsh; sourceTree = "<group>"; };
		FD737A2C1E2B6CBE000ED551 /* MCGLRenderer.vsh */ = {isa = PBXFileReference; fileEncoding = 4; lastKnownFileType = sourcecode.glsl; path = MCGLRenderer.vsh; sourceTree = "<group>"; };
		FD737A2D1E2B6CBE000ED551 /* MCSkyboxShader.fsh */ = {isa = PBXFileReference; fileEncoding = 4; lastKnownFileType = sourcecode.glsl; path = MCSkyboxShader.fsh; sourceTree = "<group>"; };
		FD737A2E1E2B6CBE000ED551 /* MCSkyboxShader.vsh */ = {isa = PBXFileReference; fileEncoding = 4; lastKnownFileType = sourcecode.glsl; path = MCSkyboxShader.vsh; sourceTree = "<group>"; };
/* End PBXFileReference section */

/* Begin PBXFrameworksBuildPhase section */
		6003F587195388D20070C39A /* Frameworks */ = {
			isa = PBXFrameworksBuildPhase;
			buildActionMask = 2147483647;
			files = (
				6003F590195388D20070C39A /* CoreGraphics.framework in Frameworks */,
				6003F592195388D20070C39A /* UIKit.framework in Frameworks */,
				6003F58E195388D20070C39A /* Foundation.framework in Frameworks */,
				FD7379E01E2B54E6000ED551 /* BohdiEngine.framework in Frameworks */,
				7EF861B9DC59A2875049B3F5 /* Pods_BohdiEngine_Example.framework in Frameworks */,
			);
			runOnlyForDeploymentPostprocessing = 0;
		};
		6003F5AB195388D20070C39A /* Frameworks */ = {
			isa = PBXFrameworksBuildPhase;
			buildActionMask = 2147483647;
			files = (
				6003F5B0195388D20070C39A /* XCTest.framework in Frameworks */,
				6003F5B2195388D20070C39A /* UIKit.framework in Frameworks */,
				6003F5B1195388D20070C39A /* Foundation.framework in Frameworks */,
				36CD114E1E1F3D5CD4041EFC /* Pods_BohdiEngine_Tests.framework in Frameworks */,
			);
			runOnlyForDeploymentPostprocessing = 0;
		};
/* End PBXFrameworksBuildPhase section */

/* Begin PBXGroup section */
		6003F581195388D10070C39A = {
			isa = PBXGroup;
			children = (
				60FF7A9C1954A5C5007DD14C /* Podspec Metadata */,
				6003F593195388D20070C39A /* Example for BohdiEngine */,
				6003F5B5195388D20070C39A /* Tests */,
				6003F58C195388D20070C39A /* Frameworks */,
				6003F58B195388D20070C39A /* Products */,
				7142E77F657C89868CB7C294 /* Pods */,
			);
			sourceTree = "<group>";
		};
		6003F58B195388D20070C39A /* Products */ = {
			isa = PBXGroup;
			children = (
				6003F58A195388D20070C39A /* BohdiEngine_Example.app */,
				6003F5AE195388D20070C39A /* BohdiEngine_Tests.xctest */,
			);
			name = Products;
			sourceTree = "<group>";
		};
		6003F58C195388D20070C39A /* Frameworks */ = {
			isa = PBXGroup;
			children = (
				FD7379DF1E2B54E6000ED551 /* BohdiEngine.framework */,
				6003F58D195388D20070C39A /* Foundation.framework */,
				6003F58F195388D20070C39A /* CoreGraphics.framework */,
				6003F591195388D20070C39A /* UIKit.framework */,
				6003F5AF195388D20070C39A /* XCTest.framework */,
				49F087004F0CAC65B7623E3B /* Pods_BohdiEngine_Example.framework */,
				DE81044E42193FB27E60BC38 /* Pods_BohdiEngine_Tests.framework */,
			);
			name = Frameworks;
			sourceTree = "<group>";
		};
		6003F593195388D20070C39A /* Example for BohdiEngine */ = {
			isa = PBXGroup;
			children = (
				6003F59C195388D20070C39A /* BEAppDelegate.h */,
				6003F59D195388D20070C39A /* BEAppDelegate.m */,
				F870A5591E6FA3C7009B7175 /* LandingViewController.h */,
				F870A5571E6FA3B3009B7175 /* LandingViewController.m */,
				873B8AEA1B1F5CCA007FD442 /* Main.storyboard */,
				6003F5A8195388D20070C39A /* Images.xcassets */,
				FD737A261E2B6C6E000ED551 /* Resources */,
				6003F594195388D20070C39A /* Supporting Files */,
			);
			name = "Example for BohdiEngine";
			path = BohdiEngine;
			sourceTree = "<group>";
		};
		6003F594195388D20070C39A /* Supporting Files */ = {
			isa = PBXGroup;
			children = (
				6003F595195388D20070C39A /* BohdiEngine-Info.plist */,
				6003F596195388D20070C39A /* InfoPlist.strings */,
				6003F599195388D20070C39A /* main.m */,
				6003F59B195388D20070C39A /* BohdiEngine-Prefix.pch */,
			);
			name = "Supporting Files";
			sourceTree = "<group>";
		};
		6003F5B5195388D20070C39A /* Tests */ = {
			isa = PBXGroup;
			children = (
				6003F5BB195388D20070C39A /* Tests.m */,
				6003F5B6195388D20070C39A /* Supporting Files */,
			);
			path = Tests;
			sourceTree = "<group>";
		};
		6003F5B6195388D20070C39A /* Supporting Files */ = {
			isa = PBXGroup;
			children = (
				6003F5B7195388D20070C39A /* Tests-Info.plist */,
				6003F5B8195388D20070C39A /* InfoPlist.strings */,
				606FC2411953D9B200FFA9A0 /* Tests-Prefix.pch */,
			);
			name = "Supporting Files";
			sourceTree = "<group>";
		};
		60FF7A9C1954A5C5007DD14C /* Podspec Metadata */ = {
			isa = PBXGroup;
			children = (
				FCF04D989F31C672C28B0EC4 /* BohdiEngine.podspec */,
				B29F3398775A4115559DCFA9 /* README.md */,
				5946268BE31531CBDC0B9A02 /* LICENSE */,
			);
			name = "Podspec Metadata";
			sourceTree = "<group>";
		};
		7142E77F657C89868CB7C294 /* Pods */ = {
			isa = PBXGroup;
			children = (
				F44D3773801779395462E915 /* Pods-BohdiEngine_Example.debug.xcconfig */,
				403816A00EE52F31C8B2B84D /* Pods-BohdiEngine_Example.release.xcconfig */,
				006E5D12A1884F68472C7A1A /* Pods-BohdiEngine_Tests.debug.xcconfig */,
				0939384BC5D1FA76FE1688C8 /* Pods-BohdiEngine_Tests.release.xcconfig */,
			);
			name = Pods;
			sourceTree = "<group>";
		};
		F870A55A1E6FE247009B7175 /* skybox */ = {
			isa = PBXGroup;
			children = (
				F870A55B1E6FE247009B7175 /* back.jpg */,
				F870A55C1E6FE247009B7175 /* bottom.jpg */,
				F870A55D1E6FE247009B7175 /* front.jpg */,
				F870A55E1E6FE247009B7175 /* left.jpg */,
				F870A55F1E6FE247009B7175 /* right.jpg */,
				F870A5601E6FE247009B7175 /* top.jpg */,
			);
			path = skybox;
			sourceTree = "<group>";
		};
		F870A5611E6FE247009B7175 /* skysphere */ = {
			isa = PBXGroup;
			children = (
				F870A5621E6FE247009B7175 /* panorama360.jpg */,
				F870A56A1E6FFF6C009B7175 /* wood.jpg */,
			);
			path = skysphere;
			sourceTree = "<group>";
		};
		FD737A261E2B6C6E000ED551 /* Resources */ = {
			isa = PBXGroup;
			children = (
				F870A55A1E6FE247009B7175 /* skybox */,
				F870A5611E6FE247009B7175 /* skysphere */,
				FD737A281E2B6C90000ED551 /* beengine.mtl */,
				F8E688461E5D851300D6E869 /* monkey2.obj */,
				FD737A2B1E2B6CBE000ED551 /* MCGLRenderer.fsh */,
				FD737A2C1E2B6CBE000ED551 /* MCGLRenderer.vsh */,
				FD737A2D1E2B6CBE000ED551 /* MCSkyboxShader.fsh */,
				FD737A2E1E2B6CBE000ED551 /* MCSkyboxShader.vsh */,
				F870A5531E6FA1E8009B7175 /* MCSkysphereShader.fsh */,
				F870A5541E6FA1E8009B7175 /* MCSkysphereShader.vsh */,
			);
			path = Resources;
			sourceTree = SOURCE_ROOT;
		};
/* End PBXGroup section */

/* Begin PBXNativeTarget section */
		6003F589195388D20070C39A /* BohdiEngine_Example */ = {
			isa = PBXNativeTarget;
			buildConfigurationList = 6003F5BF195388D20070C39A /* Build configuration list for PBXNativeTarget "BohdiEngine_Example" */;
			buildPhases = (
				3A945DA2BD5439A9DD3C18F3 /* [CP] Check Pods Manifest.lock */,
				6003F586195388D20070C39A /* Sources */,
				6003F587195388D20070C39A /* Frameworks */,
				6003F588195388D20070C39A /* Resources */,
				90852FDA577D3E2C2687C690 /* [CP] Embed Pods Frameworks */,
				107DFD7BC3D7467F426EEE86 /* [CP] Copy Pods Resources */,
			);
			buildRules = (
			);
			dependencies = (
			);
			name = BohdiEngine_Example;
			productName = BohdiEngine;
			productReference = 6003F58A195388D20070C39A /* BohdiEngine_Example.app */;
			productType = "com.apple.product-type.application";
		};
		6003F5AD195388D20070C39A /* BohdiEngine_Tests */ = {
			isa = PBXNativeTarget;
			buildConfigurationList = 6003F5C2195388D20070C39A /* Build configuration list for PBXNativeTarget "BohdiEngine_Tests" */;
			buildPhases = (
				ED241C518E83444D741C7B3A /* [CP] Check Pods Manifest.lock */,
				6003F5AA195388D20070C39A /* Sources */,
				6003F5AB195388D20070C39A /* Frameworks */,
				6003F5AC195388D20070C39A /* Resources */,
				F42457D0DB702DA297CD0219 /* [CP] Embed Pods Frameworks */,
				EC4EB66D91E45EE4781A15D9 /* [CP] Copy Pods Resources */,
			);
			buildRules = (
			);
			dependencies = (
				6003F5B4195388D20070C39A /* PBXTargetDependency */,
			);
			name = BohdiEngine_Tests;
			productName = BohdiEngineTests;
			productReference = 6003F5AE195388D20070C39A /* BohdiEngine_Tests.xctest */;
			productType = "com.apple.product-type.bundle.unit-test";
		};
/* End PBXNativeTarget section */

/* Begin PBXProject section */
		6003F582195388D10070C39A /* Project object */ = {
			isa = PBXProject;
			attributes = {
				CLASSPREFIX = BE;
				LastUpgradeCheck = 0820;
				ORGANIZATIONNAME = "Sun YuLi";
				TargetAttributes = {
					6003F589195388D20070C39A = {
						DevelopmentTeam = R7BTEXA73U;
					};
					6003F5AD195388D20070C39A = {
						TestTargetID = 6003F589195388D20070C39A;
					};
				};
			};
			buildConfigurationList = 6003F585195388D10070C39A /* Build configuration list for PBXProject "BohdiEngine" */;
			compatibilityVersion = "Xcode 3.2";
			developmentRegion = English;
			hasScannedForEncodings = 0;
			knownRegions = (
				en,
				Base,
			);
			mainGroup = 6003F581195388D10070C39A;
			productRefGroup = 6003F58B195388D20070C39A /* Products */;
			projectDirPath = "";
			projectRoot = "";
			targets = (
				6003F589195388D20070C39A /* BohdiEngine_Example */,
				6003F5AD195388D20070C39A /* BohdiEngine_Tests */,
			);
		};
/* End PBXProject section */

/* Begin PBXResourcesBuildPhase section */
		6003F588195388D20070C39A /* Resources */ = {
			isa = PBXResourcesBuildPhase;
			buildActionMask = 2147483647;
			files = (
				F870A5561E6FA1E8009B7175 /* MCSkysphereShader.vsh in Resources */,
				F870A5661E6FE247009B7175 /* left.jpg in Resources */,
				FD737A311E2B6CBE000ED551 /* MCSkyboxShader.fsh in Resources */,
				873B8AEB1B1F5CCA007FD442 /* Main.storyboard in Resources */,
				FD737A2A1E2B6C90000ED551 /* beengine.mtl in Resources */,
				F870A5631E6FE247009B7175 /* back.jpg in Resources */,
				F870A5691E6FE247009B7175 /* panorama360.jpg in Resources */,
				F870A56B1E6FFF6C009B7175 /* wood.jpg in Resources */,
				F870A5671E6FE247009B7175 /* right.jpg in Resources */,
				F870A5551E6FA1E8009B7175 /* MCSkysphereShader.fsh in Resources */,
				F8E688481E5D851300D6E869 /* monkey2.obj in Resources */,
				F870A5641E6FE247009B7175 /* bottom.jpg in Resources */,
				FD737A2F1E2B6CBE000ED551 /* MCGLRenderer.fsh in Resources */,
				F870A5651E6FE247009B7175 /* front.jpg in Resources */,
				6003F5A9195388D20070C39A /* Images.xcassets in Resources */,
				6003F598195388D20070C39A /* InfoPlist.strings in Resources */,
				FD737A321E2B6CBE000ED551 /* MCSkyboxShader.vsh in Resources */,
				FD737A301E2B6CBE000ED551 /* MCGLRenderer.vsh in Resources */,
				F870A5681E6FE247009B7175 /* top.jpg in Resources */,
			);
			runOnlyForDeploymentPostprocessing = 0;
		};
		6003F5AC195388D20070C39A /* Resources */ = {
			isa = PBXResourcesBuildPhase;
			buildActionMask = 2147483647;
			files = (
				6003F5BA195388D20070C39A /* InfoPlist.strings in Resources */,
			);
			runOnlyForDeploymentPostprocessing = 0;
		};
/* End PBXResourcesBuildPhase section */

/* Begin PBXShellScriptBuildPhase section */
		107DFD7BC3D7467F426EEE86 /* [CP] Copy Pods Resources */ = {
			isa = PBXShellScriptBuildPhase;
			buildActionMask = 2147483647;
			files = (
			);
			inputPaths = (
			);
			name = "[CP] Copy Pods Resources";
			outputPaths = (
			);
			runOnlyForDeploymentPostprocessing = 0;
			shellPath = /bin/sh;
			shellScript = "\"${SRCROOT}/Pods/Target Support Files/Pods-BohdiEngine_Example/Pods-BohdiEngine_Example-resources.sh\"\n";
			showEnvVarsInLog = 0;
		};
		3A945DA2BD5439A9DD3C18F3 /* [CP] Check Pods Manifest.lock */ = {
			isa = PBXShellScriptBuildPhase;
			buildActionMask = 2147483647;
			files = (
			);
			inputPaths = (
			);
			name = "[CP] Check Pods Manifest.lock";
			outputPaths = (
			);
			runOnlyForDeploymentPostprocessing = 0;
			shellPath = /bin/sh;
			shellScript = "diff \"${PODS_ROOT}/../Podfile.lock\" \"${PODS_ROOT}/Manifest.lock\" > /dev/null\nif [ $? != 0 ] ; then\n    # print error to STDERR\n    echo \"error: The sandbox is not in sync with the Podfile.lock. Run 'pod install' or update your CocoaPods installation.\" >&2\n    exit 1\nfi\n";
			showEnvVarsInLog = 0;
		};
		90852FDA577D3E2C2687C690 /* [CP] Embed Pods Frameworks */ = {
			isa = PBXShellScriptBuildPhase;
			buildActionMask = 2147483647;
			files = (
			);
			inputPaths = (
			);
			name = "[CP] Embed Pods Frameworks";
			outputPaths = (
			);
			runOnlyForDeploymentPostprocessing = 0;
			shellPath = /bin/sh;
			shellScript = "\"${SRCROOT}/Pods/Target Support Files/Pods-BohdiEngine_Example/Pods-BohdiEngine_Example-frameworks.sh\"\n";
			showEnvVarsInLog = 0;
		};
		EC4EB66D91E45EE4781A15D9 /* [CP] Copy Pods Resources */ = {
			isa = PBXShellScriptBuildPhase;
			buildActionMask = 2147483647;
			files = (
			);
			inputPaths = (
			);
			name = "[CP] Copy Pods Resources";
			outputPaths = (
			);
			runOnlyForDeploymentPostprocessing = 0;
			shellPath = /bin/sh;
			shellScript = "\"${SRCROOT}/Pods/Target Support Files/Pods-BohdiEngine_Tests/Pods-BohdiEngine_Tests-resources.sh\"\n";
			showEnvVarsInLog = 0;
		};
		ED241C518E83444D741C7B3A /* [CP] Check Pods Manifest.lock */ = {
			isa = PBXShellScriptBuildPhase;
			buildActionMask = 2147483647;
			files = (
			);
			inputPaths = (
			);
			name = "[CP] Check Pods Manifest.lock";
			outputPaths = (
			);
			runOnlyForDeploymentPostprocessing = 0;
			shellPath = /bin/sh;
			shellScript = "diff \"${PODS_ROOT}/../Podfile.lock\" \"${PODS_ROOT}/Manifest.lock\" > /dev/null\nif [ $? != 0 ] ; then\n    # print error to STDERR\n    echo \"error: The sandbox is not in sync with the Podfile.lock. Run 'pod install' or update your CocoaPods installation.\" >&2\n    exit 1\nfi\n";
			showEnvVarsInLog = 0;
		};
		F42457D0DB702DA297CD0219 /* [CP] Embed Pods Frameworks */ = {
			isa = PBXShellScriptBuildPhase;
			buildActionMask = 2147483647;
			files = (
			);
			inputPaths = (
			);
			name = "[CP] Embed Pods Frameworks";
			outputPaths = (
			);
			runOnlyForDeploymentPostprocessing = 0;
			shellPath = /bin/sh;
			shellScript = "\"${SRCROOT}/Pods/Target Support Files/Pods-BohdiEngine_Tests/Pods-BohdiEngine_Tests-frameworks.sh\"\n";
			showEnvVarsInLog = 0;
		};
/* End PBXShellScriptBuildPhase section */

/* Begin PBXSourcesBuildPhase section */
		6003F586195388D20070C39A /* Sources */ = {
			isa = PBXSourcesBuildPhase;
			buildActionMask = 2147483647;
			files = (
				6003F59E195388D20070C39A /* BEAppDelegate.m in Sources */,
				F870A5581E6FA3B3009B7175 /* LandingViewController.m in Sources */,
				6003F59A195388D20070C39A /* main.m in Sources */,
			);
			runOnlyForDeploymentPostprocessing = 0;
		};
		6003F5AA195388D20070C39A /* Sources */ = {
			isa = PBXSourcesBuildPhase;
			buildActionMask = 2147483647;
			files = (
				6003F5BC195388D20070C39A /* Tests.m in Sources */,
			);
			runOnlyForDeploymentPostprocessing = 0;
		};
/* End PBXSourcesBuildPhase section */

/* Begin PBXTargetDependency section */
		6003F5B4195388D20070C39A /* PBXTargetDependency */ = {
			isa = PBXTargetDependency;
			target = 6003F589195388D20070C39A /* BohdiEngine_Example */;
			targetProxy = 6003F5B3195388D20070C39A /* PBXContainerItemProxy */;
		};
/* End PBXTargetDependency section */

/* Begin PBXVariantGroup section */
		6003F596195388D20070C39A /* InfoPlist.strings */ = {
			isa = PBXVariantGroup;
			children = (
				6003F597195388D20070C39A /* en */,
			);
			name = InfoPlist.strings;
			sourceTree = "<group>";
		};
		6003F5B8195388D20070C39A /* InfoPlist.strings */ = {
			isa = PBXVariantGroup;
			children = (
				6003F5B9195388D20070C39A /* en */,
			);
			name = InfoPlist.strings;
			sourceTree = "<group>";
		};
/* End PBXVariantGroup section */

/* Begin XCBuildConfiguration section */
		6003F5BD195388D20070C39A /* Debug */ = {
			isa = XCBuildConfiguration;
			buildSettings = {
				ALWAYS_SEARCH_USER_PATHS = NO;
				CLANG_CXX_LANGUAGE_STANDARD = "gnu++0x";
				CLANG_CXX_LIBRARY = "libc++";
				CLANG_ENABLE_MODULES = YES;
				CLANG_ENABLE_OBJC_ARC = YES;
				CLANG_WARN_BOOL_CONVERSION = YES;
				CLANG_WARN_CONSTANT_CONVERSION = YES;
				CLANG_WARN_DIRECT_OBJC_ISA_USAGE = YES_ERROR;
				CLANG_WARN_EMPTY_BODY = YES;
				CLANG_WARN_ENUM_CONVERSION = YES;
				CLANG_WARN_INFINITE_RECURSION = YES;
				CLANG_WARN_INT_CONVERSION = YES;
				CLANG_WARN_OBJC_ROOT_CLASS = YES_ERROR;
				CLANG_WARN_SUSPICIOUS_MOVE = YES;
				CLANG_WARN_UNREACHABLE_CODE = YES;
				CLANG_WARN__DUPLICATE_METHOD_MATCH = YES;
				"CODE_SIGN_IDENTITY[sdk=iphoneos*]" = "iPhone Developer";
				COPY_PHASE_STRIP = NO;
				ENABLE_STRICT_OBJC_MSGSEND = YES;
				ENABLE_TESTABILITY = YES;
				GCC_C_LANGUAGE_STANDARD = gnu99;
				GCC_DYNAMIC_NO_PIC = NO;
				GCC_NO_COMMON_BLOCKS = YES;
				GCC_OPTIMIZATION_LEVEL = 0;
				GCC_PREPROCESSOR_DEFINITIONS = (
					"DEBUG=1",
					"$(inherited)",
				);
				GCC_SYMBOLS_PRIVATE_EXTERN = NO;
				GCC_WARN_64_TO_32_BIT_CONVERSION = YES;
				GCC_WARN_ABOUT_RETURN_TYPE = YES_ERROR;
				GCC_WARN_UNDECLARED_SELECTOR = YES;
				GCC_WARN_UNINITIALIZED_AUTOS = YES_AGGRESSIVE;
				GCC_WARN_UNUSED_FUNCTION = YES;
				GCC_WARN_UNUSED_VARIABLE = YES;
				IPHONEOS_DEPLOYMENT_TARGET = 8.3;
				ONLY_ACTIVE_ARCH = YES;
				SDKROOT = iphoneos;
				TARGETED_DEVICE_FAMILY = "1,2";
			};
			name = Debug;
		};
		6003F5BE195388D20070C39A /* Release */ = {
			isa = XCBuildConfiguration;
			buildSettings = {
				ALWAYS_SEARCH_USER_PATHS = NO;
				CLANG_CXX_LANGUAGE_STANDARD = "gnu++0x";
				CLANG_CXX_LIBRARY = "libc++";
				CLANG_ENABLE_MODULES = YES;
				CLANG_ENABLE_OBJC_ARC = YES;
				CLANG_WARN_BOOL_CONVERSION = YES;
				CLANG_WARN_CONSTANT_CONVERSION = YES;
				CLANG_WARN_DIRECT_OBJC_ISA_USAGE = YES_ERROR;
				CLANG_WARN_EMPTY_BODY = YES;
				CLANG_WARN_ENUM_CONVERSION = YES;
				CLANG_WARN_INFINITE_RECURSION = YES;
				CLANG_WARN_INT_CONVERSION = YES;
				CLANG_WARN_OBJC_ROOT_CLASS = YES_ERROR;
				CLANG_WARN_SUSPICIOUS_MOVE = YES;
				CLANG_WARN_UNREACHABLE_CODE = YES;
				CLANG_WARN__DUPLICATE_METHOD_MATCH = YES;
				"CODE_SIGN_IDENTITY[sdk=iphoneos*]" = "iPhone Developer";
				COPY_PHASE_STRIP = YES;
				ENABLE_NS_ASSERTIONS = NO;
				ENABLE_STRICT_OBJC_MSGSEND = YES;
				GCC_C_LANGUAGE_STANDARD = gnu99;
				GCC_NO_COMMON_BLOCKS = YES;
				GCC_WARN_64_TO_32_BIT_CONVERSION = YES;
				GCC_WARN_ABOUT_RETURN_TYPE = YES_ERROR;
				GCC_WARN_UNDECLARED_SELECTOR = YES;
				GCC_WARN_UNINITIALIZED_AUTOS = YES_AGGRESSIVE;
				GCC_WARN_UNUSED_FUNCTION = YES;
				GCC_WARN_UNUSED_VARIABLE = YES;
				IPHONEOS_DEPLOYMENT_TARGET = 8.3;
				SDKROOT = iphoneos;
				TARGETED_DEVICE_FAMILY = "1,2";
				VALIDATE_PRODUCT = YES;
			};
			name = Release;
		};
		6003F5C0195388D20070C39A /* Debug */ = {
			isa = XCBuildConfiguration;
			baseConfigurationReference = F44D3773801779395462E915 /* Pods-BohdiEngine_Example.debug.xcconfig */;
			buildSettings = {
				ASSETCATALOG_COMPILER_APPICON_NAME = AppIcon;
				ASSETCATALOG_COMPILER_LAUNCHIMAGE_NAME = LaunchImage;
				DEVELOPMENT_TEAM = R7BTEXA73U;
				FRAMEWORK_SEARCH_PATHS = (
					"$(inherited)",
					"$(PROJECT_DIR)/build/Debug-iphoneos/BohdiEngine",
				);
				GCC_PRECOMPILE_PREFIX_HEADER = YES;
				GCC_PREFIX_HEADER = "BohdiEngine/BohdiEngine-Prefix.pch";
				INFOPLIST_FILE = "BohdiEngine/BohdiEngine-Info.plist";
				MODULE_NAME = ExampleApp;
				PRODUCT_BUNDLE_IDENTIFIER = "org.cocoapods.demo.${PRODUCT_NAME:rfc1034identifier}";
				PRODUCT_NAME = "$(TARGET_NAME)";
				WRAPPER_EXTENSION = app;
			};
			name = Debug;
		};
		6003F5C1195388D20070C39A /* Release */ = {
			isa = XCBuildConfiguration;
			baseConfigurationReference = 403816A00EE52F31C8B2B84D /* Pods-BohdiEngine_Example.release.xcconfig */;
			buildSettings = {
				ASSETCATALOG_COMPILER_APPICON_NAME = AppIcon;
				ASSETCATALOG_COMPILER_LAUNCHIMAGE_NAME = LaunchImage;
				DEVELOPMENT_TEAM = R7BTEXA73U;
				FRAMEWORK_SEARCH_PATHS = (
					"$(inherited)",
					"$(PROJECT_DIR)/build/Debug-iphoneos/BohdiEngine",
				);
				GCC_PRECOMPILE_PREFIX_HEADER = YES;
				GCC_PREFIX_HEADER = "BohdiEngine/BohdiEngine-Prefix.pch";
				INFOPLIST_FILE = "BohdiEngine/BohdiEngine-Info.plist";
				MODULE_NAME = ExampleApp;
				PRODUCT_BUNDLE_IDENTIFIER = "org.cocoapods.demo.${PRODUCT_NAME:rfc1034identifier}";
				PRODUCT_NAME = "$(TARGET_NAME)";
				WRAPPER_EXTENSION = app;
			};
			name = Release;
		};
		6003F5C3195388D20070C39A /* Debug */ = {
			isa = XCBuildConfiguration;
			baseConfigurationReference = 006E5D12A1884F68472C7A1A /* Pods-BohdiEngine_Tests.debug.xcconfig */;
			buildSettings = {
				BUNDLE_LOADER = "$(TEST_HOST)";
				FRAMEWORK_SEARCH_PATHS = (
					"$(SDKROOT)/Developer/Library/Frameworks",
					"$(inherited)",
					"$(DEVELOPER_FRAMEWORKS_DIR)",
				);
				GCC_PRECOMPILE_PREFIX_HEADER = YES;
				GCC_PREFIX_HEADER = "Tests/Tests-Prefix.pch";
				GCC_PREPROCESSOR_DEFINITIONS = (
					"DEBUG=1",
					"$(inherited)",
				);
				INFOPLIST_FILE = "Tests/Tests-Info.plist";
				PRODUCT_BUNDLE_IDENTIFIER = "org.cocoapods.demo.${PRODUCT_NAME:rfc1034identifier}";
				PRODUCT_NAME = "$(TARGET_NAME)";
				TEST_HOST = "$(BUILT_PRODUCTS_DIR)/BohdiEngine_Example.app/BohdiEngine_Example";
				WRAPPER_EXTENSION = xctest;
			};
			name = Debug;
		};
		6003F5C4195388D20070C39A /* Release */ = {
			isa = XCBuildConfiguration;
			baseConfigurationReference = 0939384BC5D1FA76FE1688C8 /* Pods-BohdiEngine_Tests.release.xcconfig */;
			buildSettings = {
				BUNDLE_LOADER = "$(TEST_HOST)";
				FRAMEWORK_SEARCH_PATHS = (
					"$(SDKROOT)/Developer/Library/Frameworks",
					"$(inherited)",
					"$(DEVELOPER_FRAMEWORKS_DIR)",
				);
				GCC_PRECOMPILE_PREFIX_HEADER = YES;
				GCC_PREFIX_HEADER = "Tests/Tests-Prefix.pch";
				INFOPLIST_FILE = "Tests/Tests-Info.plist";
				PRODUCT_BUNDLE_IDENTIFIER = "org.cocoapods.demo.${PRODUCT_NAME:rfc1034identifier}";
				PRODUCT_NAME = "$(TARGET_NAME)";
				TEST_HOST = "$(BUILT_PRODUCTS_DIR)/BohdiEngine_Example.app/BohdiEngine_Example";
				WRAPPER_EXTENSION = xctest;
			};
			name = Release;
		};
/* End XCBuildConfiguration section */

/* Begin XCConfigurationList section */
		6003F585195388D10070C39A /* Build configuration list for PBXProject "BohdiEngine" */ = {
			isa = XCConfigurationList;
			buildConfigurations = (
				6003F5BD195388D20070C39A /* Debug */,
				6003F5BE195388D20070C39A /* Release */,
			);
			defaultConfigurationIsVisible = 0;
			defaultConfigurationName = Release;
		};
		6003F5BF195388D20070C39A /* Build configuration list for PBXNativeTarget "BohdiEngine_Example" */ = {
			isa = XCConfigurationList;
			buildConfigurations = (
				6003F5C0195388D20070C39A /* Debug */,
				6003F5C1195388D20070C39A /* Release */,
			);
			defaultConfigurationIsVisible = 0;
			defaultConfigurationName = Release;
		};
		6003F5C2195388D20070C39A /* Build configuration list for PBXNativeTarget "BohdiEngine_Tests" */ = {
			isa = XCConfigurationList;
			buildConfigurations = (
				6003F5C3195388D20070C39A /* Debug */,
				6003F5C4195388D20070C39A /* Release */,
			);
			defaultConfigurationIsVisible = 0;
			defaultConfigurationName = Release;
		};
/* End XCConfigurationList section */
	};
	rootObject = 6003F582195388D10070C39A /* Project object */;
}
